
Microsoft Visual Studio Solution File, Format Version 12.00
# Visual Studio Version 17
VisualStudioVersion = 17.8.34525.116
MinimumVisualStudioVersion = 10.0.40219.1
Project("{FAE04EC0-301F-11D3-BF4B-00C04F79EFBC}") = "Civitta.Task1.Api", "Civitta.Task.Api\Civitta.Task1.Api.csproj", "{DCE999A9-1795-4107-AC78-7F8D6D4684BC}"
EndProject
Global
	GlobalSection(SolutionConfigurationPlatforms) = preSolution
		Debug|Any CPU = Debug|Any CPU
		Release|Any CPU = Release|Any CPU
	EndGlobalSection
	GlobalSection(ProjectConfigurationPlatforms) = postSolution
		{DCE999A9-1795-4107-AC78-7F8D6D4684BC}.Debug|Any CPU.ActiveCfg = Debug|Any CPU
		{DCE999A9-1795-4107-AC78-7F8D6D4684BC}.Debug|Any CPU.Build.0 = Debug|Any CPU
		{DCE999A9-1795-4107-AC78-7F8D6D4684BC}.Release|Any CPU.ActiveCfg = Release|Any CPU
		{DCE999A9-1795-4107-AC78-7F8D6D4684BC}.Release|Any CPU.Build.0 = Release|Any CPU
	EndGlobalSection
	GlobalSection(SolutionProperties) = preSolution
		HideSolutionNode = FALSE
	EndGlobalSection
	GlobalSection(ExtensibilityGlobals) = postSolution
		SolutionGuid = {369BDA96-C06D-4356-9DF9-5A8B03BF2BAE}
	EndGlobalSection
EndGlobal
